{
  "version": "v1",
  "packages": {
    "rhachet": {
      "signature": "0920378bf33d8b019e6f71e6695fba9d",
      "file": true,
      "replaced": "1.3.3"
    },
    "rhachet-artifact-git": {
      "signature": "a8ee55bee028fc4d15e8345e2b70389d",
      "file": true,
      "replaced": "1.0.1"
    }
  }
}